
Microsoft Visual Studio Solution File, Format Version 10.00
# Visual Studio 2008
Project("{F14B399A-7131-4C87-9E4B-1186C45EF12D}") = "DAnalytics.Reports", "DAnalytics.Reports\DAnalytics.Reports.rptproj", "{BE807E50-D35A-4C84-B971-B1F6F235422C}"
EndProject
Global
	GlobalSection(SolutionConfigurationPlatforms) = preSolution
		Debug|Default = Debug|Default
		DebugLocal|Default = DebugLocal|Default
		Release|Default = Release|Default
	EndGlobalSection
	GlobalSection(ProjectConfigurationPlatforms) = postSolution
		{BE807E50-D35A-4C84-B971-B1F6F235422C}.Debug|Default.ActiveCfg = Debug
		{BE807E50-D35A-4C84-B971-B1F6F235422C}.Debug|Default.Build.0 = DebugLocal
		{BE807E50-D35A-4C84-B971-B1F6F235422C}.Debug|Default.Deploy.0 = DebugLocal
		{BE807E50-D35A-4C84-B971-B1F6F235422C}.DebugLocal|Default.ActiveCfg = DebugLocal
		{BE807E50-D35A-4C84-B971-B1F6F235422C}.DebugLocal|Default.Build.0 = DebugLocal
		{BE807E50-D35A-4C84-B971-B1F6F235422C}.Release|Default.ActiveCfg = Release
		{BE807E50-D35A-4C84-B971-B1F6F235422C}.Release|Default.Build.0 = Release
		{BE807E50-D35A-4C84-B971-B1F6F235422C}.Release|Default.Deploy.0 = Release
	EndGlobalSection
	GlobalSection(SolutionProperties) = preSolution
		HideSolutionNode = FALSE
	EndGlobalSection
EndGlobal
